
Microsoft Visual Studio Solution File, Format Version 12.00
# Visual Studio Version 17
VisualStudioVersion = 17.10.34916.146
MinimumVisualStudioVersion = 10.0.40219.1
Project("{FAE04EC0-301F-11D3-BF4B-00C04F79EFBC}") = "wow-launcher-cs", "wow-launcher-cs.csproj", "{B8514358-4652-4F8F-AC83-38A7D25A5DEE}"
EndProject
Global
	GlobalSection(SolutionConfigurationPlatforms) = preSolution
		Debug|Any CPU = Debug|Any CPU
		Release|Any CPU = Release|Any CPU
	EndGlobalSection
	GlobalSection(ProjectConfigurationPlatforms) = postSolution
		{B8514358-4652-4F8F-AC83-38A7D25A5DEE}.Debug|Any CPU.ActiveCfg = Debug|Any CPU
		{B8514358-4652-4F8F-AC83-38A7D25A5DEE}.Debug|Any CPU.Build.0 = Debug|Any CPU
		{B8514358-4652-4F8F-AC83-38A7D25A5DEE}.Release|Any CPU.ActiveCfg = Release|Any CPU
		{B8514358-4652-4F8F-AC83-38A7D25A5DEE}.Release|Any CPU.Build.0 = Release|Any CPU
	EndGlobalSection
	GlobalSection(SolutionProperties) = preSolution
		HideSolutionNode = FALSE
	EndGlobalSection
	GlobalSection(ExtensibilityGlobals) = postSolution
		SolutionGuid = {FC6790D4-A741-45F6-88E7-0DF0F8307EE6}
	EndGlobalSection
EndGlobal
